Microsoft Visual Studio Solution File, Format Version 11.00
# Visual Studio 2010
Project("{FAE04EC0-301F-11D3-BF4B-00C04F79EFBC}") = "Assembly-CSharp", "Assembly-CSharp.csproj", "{FFA1CC86-5918-04BF-F868-610063E9D6F6}"
EndProject
Project("{FAE04EC0-301F-11D3-BF4B-00C04F79EFBC}") = "Assembly-CSharp-Editor", "Assembly-CSharp-Editor.csproj", "{05508169-1471-78DE-FC4F-4B9F41449E31}"
EndProject
Global
	GlobalSection(SolutionConfigurationPlatforms) = preSolution
		Debug|Any CPU = Debug|Any CPU
		Release|Any CPU = Release|Any CPU
	EndGlobalSection
	GlobalSection(ProjectConfigurationPlatforms) = postSolution
		{FFA1CC86-5918-04BF-F868-610063E9D6F6}.Debug|Any CPU.ActiveCfg = Debug|Any CPU
		{FFA1CC86-5918-04BF-F868-610063E9D6F6}.Debug|Any CPU.Build.0 = Debug|Any CPU
		{FFA1CC86-5918-04BF-F868-610063E9D6F6}.Release|Any CPU.ActiveCfg = Release|Any CPU
		{FFA1CC86-5918-04BF-F868-610063E9D6F6}.Release|Any CPU.Build.0 = Release|Any CPU
		{05508169-1471-78DE-FC4F-4B9F41449E31}.Debug|Any CPU.ActiveCfg = Debug|Any CPU
		{05508169-1471-78DE-FC4F-4B9F41449E31}.Debug|Any CPU.Build.0 = Debug|Any CPU
		{05508169-1471-78DE-FC4F-4B9F41449E31}.Release|Any CPU.ActiveCfg = Release|Any CPU
		{05508169-1471-78DE-FC4F-4B9F41449E31}.Release|Any CPU.Build.0 = Release|Any CPU
	EndGlobalSection
	GlobalSection(SolutionProperties) = preSolution
		HideSolutionNode = FALSE
	EndGlobalSection
	GlobalSection(MonoDevelopProperties) = preSolution
		StartupItem = Assembly-CSharp.csproj
	EndGlobalSection
EndGlobal
